{
    "version": 3,
    "terraform_version": "0.11.7",
    "serial": 8,
    "lineage": "36823ec7-3c1e-a34d-afa1-743469474984",
    "modules": [
        {
            "path": [
                "root"
            ],
            "outputs": {},
            "resources": {},
            "depends_on": []
        },
        {
            "path": [
                "root",
                "network"
            ],
            "outputs": {},
            "resources": {
                "data.oci_identity_availability_domains.ADs": {
                    "type": "oci_identity_availability_domains",
                    "depends_on": [],
                    "primary": {
                        "id": "2018-05-14 08:41:46.18293 +0000 UTC",
                        "attributes": {
                            "availability_domains.#": "3",
                            "availability_domains.0.compartment_id": "ocid1.tenancy.oc1..aaaaaaaa76a6uv7vudiufixv67vxslhglwiimx33at223favarz7rcopyvva",
                            "availability_domains.0.name": "GVJl:US-ASHBURN-AD-1",
                            "availability_domains.1.compartment_id": "ocid1.tenancy.oc1..aaaaaaaa76a6uv7vudiufixv67vxslhglwiimx33at223favarz7rcopyvva",
                            "availability_domains.1.name": "GVJl:US-ASHBURN-AD-2",
                            "availability_domains.2.compartment_id": "ocid1.tenancy.oc1..aaaaaaaa76a6uv7vudiufixv67vxslhglwiimx33at223favarz7rcopyvva",
                            "availability_domains.2.name": "GVJl:US-ASHBURN-AD-3",
                            "compartment_id": "ocid1.tenancy.oc1..aaaaaaaa76a6uv7vudiufixv67vxslhglwiimx33at223favarz7rcopyvva",
                            "id": "2018-05-14 08:41:46.18293 +0000 UTC"
                        },
                        "meta": {},
                        "tainted": false
                    },
                    "deposed": [],
                    "provider": "provider.oci"
                },
                "oci_core_internet_gateway.gateway-0": {
                    "type": "oci_core_internet_gateway",
                    "depends_on": [
                        "oci_core_virtual_network.VCN"
                    ],
                    "primary": {
                        "id": "ocid1.internetgateway.oc1.iad.aaaaaaaalsgpm2rleq26sqrh4wotuhlwqmrazdsux3pslzwp5qfuyzbzwt5q",
                        "attributes": {
                            "compartment_id": "ocid1.tenancy.oc1..aaaaaaaa76a6uv7vudiufixv67vxslhglwiimx33at223favarz7rcopyvva",
                            "display_name": "postak_gateway-0",
                            "enabled": "true",
                            "id": "ocid1.internetgateway.oc1.iad.aaaaaaaalsgpm2rleq26sqrh4wotuhlwqmrazdsux3pslzwp5qfuyzbzwt5q",
                            "state": "AVAILABLE",
                            "time_created": "2018-05-14 08:39:03.135 +0000 UTC",
                            "time_modified": "0001-01-01 00:00:00 +0000 UTC",
                            "vcn_id": "ocid1.vcn.oc1.iad.aaaaaaaaeb3hfmyk7a36au2lmj4w6mj7g25x5vsjssosmrsw3ze2sfbqbkuq"
                        },
                        "meta": {
                            "e2bfb730-ecaa-11e6-8f88-34363bc7c4c0": {
                                "create": 300000000000,
                                "delete": 300000000000,
                                "update": 300000000000
                            }
                        },
                        "tainted": false
                    },
                    "deposed": [],
                    "provider": "provider.oci"
                },
                "oci_core_route_table.routetable-0": {
                    "type": "oci_core_route_table",
                    "depends_on": [
                        "oci_core_internet_gateway.gateway-0",
                        "oci_core_virtual_network.VCN"
                    ],
                    "primary": {
                        "id": "ocid1.routetable.oc1.iad.aaaaaaaarbrqm3yvdokxqouc344ydmz7sifm6w5zij3vbrelm6a3iroce5nq",
                        "attributes": {
                            "compartment_id": "ocid1.tenancy.oc1..aaaaaaaa76a6uv7vudiufixv67vxslhglwiimx33at223favarz7rcopyvva",
                            "display_name": "postak_routetable-0",
                            "id": "ocid1.routetable.oc1.iad.aaaaaaaarbrqm3yvdokxqouc344ydmz7sifm6w5zij3vbrelm6a3iroce5nq",
                            "route_rules.#": "1",
                            "route_rules.0.cidr_block": "0.0.0.0/0",
                            "route_rules.0.network_entity_id": "ocid1.internetgateway.oc1.iad.aaaaaaaalsgpm2rleq26sqrh4wotuhlwqmrazdsux3pslzwp5qfuyzbzwt5q",
                            "state": "AVAILABLE",
                            "time_created": "2018-05-14 08:39:03.942 +0000 UTC",
                            "time_modified": "0001-01-01 00:00:00 +0000 UTC",
                            "vcn_id": "ocid1.vcn.oc1.iad.aaaaaaaaeb3hfmyk7a36au2lmj4w6mj7g25x5vsjssosmrsw3ze2sfbqbkuq"
                        },
                        "meta": {
                            "e2bfb730-ecaa-11e6-8f88-34363bc7c4c0": {
                                "create": 300000000000,
                                "delete": 300000000000,
                                "update": 300000000000
                            }
                        },
                        "tainted": false
                    },
                    "deposed": [],
                    "provider": "provider.oci"
                },
                "oci_core_security_list.loadbalancers": {
                    "type": "oci_core_security_list",
                    "depends_on": [
                        "oci_core_virtual_network.VCN"
                    ],
                    "primary": {
                        "id": "ocid1.securitylist.oc1.iad.aaaaaaaakb4octhxp6oj6ywuzcxqf6mgy564q4qfmrqpwxtccbjnfkem5daa",
                        "attributes": {
                            "compartment_id": "ocid1.tenancy.oc1..aaaaaaaa76a6uv7vudiufixv67vxslhglwiimx33at223favarz7rcopyvva",
                            "display_name": "postak_loadbalancers",
                            "egress_security_rules.#": "1",
                            "egress_security_rules.0.destination": "0.0.0.0/0",
                            "egress_security_rules.0.icmp_options.#": "0",
                            "egress_security_rules.0.protocol": "6",
                            "egress_security_rules.0.stateless": "true",
                            "egress_security_rules.0.tcp_options.#": "0",
                            "egress_security_rules.0.udp_options.#": "0",
                            "id": "ocid1.securitylist.oc1.iad.aaaaaaaakb4octhxp6oj6ywuzcxqf6mgy564q4qfmrqpwxtccbjnfkem5daa",
                            "ingress_security_rules.#": "1",
                            "ingress_security_rules.0.icmp_options.#": "0",
                            "ingress_security_rules.0.protocol": "6",
                            "ingress_security_rules.0.source": "0.0.0.0/0",
                            "ingress_security_rules.0.stateless": "true",
                            "ingress_security_rules.0.tcp_options.#": "0",
                            "ingress_security_rules.0.udp_options.#": "0",
                            "state": "AVAILABLE",
                            "time_created": "2018-05-14 08:39:03.381 +0000 UTC",
                            "vcn_id": "ocid1.vcn.oc1.iad.aaaaaaaaeb3hfmyk7a36au2lmj4w6mj7g25x5vsjssosmrsw3ze2sfbqbkuq"
                        },
                        "meta": {
                            "e2bfb730-ecaa-11e6-8f88-34363bc7c4c0": {
                                "create": 300000000000,
                                "delete": 300000000000,
                                "update": 300000000000
                            }
                        },
                        "tainted": false
                    },
                    "deposed": [],
                    "provider": "provider.oci"
                },
                "oci_core_security_list.worker": {
                    "type": "oci_core_security_list",
                    "depends_on": [
                        "oci_core_virtual_network.VCN"
                    ],
                    "primary": {
                        "id": "ocid1.securitylist.oc1.iad.aaaaaaaatikpjrmospnkesc7uzn2aje44eadup2durhfxtopkdzse5zbd4uq",
                        "attributes": {
                            "compartment_id": "ocid1.tenancy.oc1..aaaaaaaa76a6uv7vudiufixv67vxslhglwiimx33at223favarz7rcopyvva",
                            "display_name": "postak_worker",
                            "egress_security_rules.#": "4",
                            "egress_security_rules.0.destination": "10.0.10.0/24",
                            "egress_security_rules.0.icmp_options.#": "0",
                            "egress_security_rules.0.protocol": "all",
                            "egress_security_rules.0.stateless": "true",
                            "egress_security_rules.0.tcp_options.#": "0",
                            "egress_security_rules.0.udp_options.#": "0",
                            "egress_security_rules.1.destination": "10.0.20.0/24",
                            "egress_security_rules.1.icmp_options.#": "0",
                            "egress_security_rules.1.protocol": "all",
                            "egress_security_rules.1.stateless": "true",
                            "egress_security_rules.1.tcp_options.#": "0",
                            "egress_security_rules.1.udp_options.#": "0",
                            "egress_security_rules.2.destination": "10.0.30.0/24",
                            "egress_security_rules.2.icmp_options.#": "0",
                            "egress_security_rules.2.protocol": "all",
                            "egress_security_rules.2.stateless": "true",
                            "egress_security_rules.2.tcp_options.#": "0",
                            "egress_security_rules.2.udp_options.#": "0",
                            "egress_security_rules.3.destination": "0.0.0.0/0",
                            "egress_security_rules.3.icmp_options.#": "0",
                            "egress_security_rules.3.protocol": "all",
                            "egress_security_rules.3.stateless": "false",
                            "egress_security_rules.3.tcp_options.#": "0",
                            "egress_security_rules.3.udp_options.#": "0",
                            "id": "ocid1.securitylist.oc1.iad.aaaaaaaatikpjrmospnkesc7uzn2aje44eadup2durhfxtopkdzse5zbd4uq",
                            "ingress_security_rules.#": "5",
                            "ingress_security_rules.0.icmp_options.#": "1",
                            "ingress_security_rules.0.icmp_options.0.code": "4",
                            "ingress_security_rules.0.icmp_options.0.type": "3",
                            "ingress_security_rules.0.protocol": "1",
                            "ingress_security_rules.0.source": "0.0.0.0/0",
                            "ingress_security_rules.0.stateless": "false",
                            "ingress_security_rules.0.tcp_options.#": "0",
                            "ingress_security_rules.0.udp_options.#": "0",
                            "ingress_security_rules.1.icmp_options.#": "0",
                            "ingress_security_rules.1.protocol": "all",
                            "ingress_security_rules.1.source": "10.0.10.0/24",
                            "ingress_security_rules.1.stateless": "true",
                            "ingress_security_rules.1.tcp_options.#": "0",
                            "ingress_security_rules.1.udp_options.#": "0",
                            "ingress_security_rules.2.icmp_options.#": "0",
                            "ingress_security_rules.2.protocol": "all",
                            "ingress_security_rules.2.source": "10.0.20.0/24",
                            "ingress_security_rules.2.stateless": "true",
                            "ingress_security_rules.2.tcp_options.#": "0",
                            "ingress_security_rules.2.udp_options.#": "0",
                            "ingress_security_rules.3.icmp_options.#": "0",
                            "ingress_security_rules.3.protocol": "all",
                            "ingress_security_rules.3.source": "10.0.30.0/24",
                            "ingress_security_rules.3.stateless": "true",
                            "ingress_security_rules.3.tcp_options.#": "0",
                            "ingress_security_rules.3.udp_options.#": "0",
                            "ingress_security_rules.4.icmp_options.#": "0",
                            "ingress_security_rules.4.protocol": "6",
                            "ingress_security_rules.4.source": "0.0.0.0/0",
                            "ingress_security_rules.4.stateless": "false",
                            "ingress_security_rules.4.tcp_options.#": "1",
                            "ingress_security_rules.4.tcp_options.0.max": "22",
                            "ingress_security_rules.4.tcp_options.0.min": "22",
                            "ingress_security_rules.4.tcp_options.0.source_port_range.#": "0",
                            "ingress_security_rules.4.udp_options.#": "0",
                            "state": "AVAILABLE",
                            "time_created": "2018-05-14 08:39:03.667 +0000 UTC",
                            "vcn_id": "ocid1.vcn.oc1.iad.aaaaaaaaeb3hfmyk7a36au2lmj4w6mj7g25x5vsjssosmrsw3ze2sfbqbkuq"
                        },
                        "meta": {
                            "e2bfb730-ecaa-11e6-8f88-34363bc7c4c0": {
                                "create": 300000000000,
                                "delete": 300000000000,
                                "update": 300000000000
                            }
                        },
                        "tainted": false
                    },
                    "deposed": [],
                    "provider": "provider.oci"
                },
                "oci_core_subnet.loadbalancerAD1": {
                    "type": "oci_core_subnet",
                    "depends_on": [
                        "data.oci_identity_availability_domains.ADs",
                        "oci_core_route_table.routetable-0",
                        "oci_core_security_list.loadbalancers",
                        "oci_core_virtual_network.VCN"
                    ],
                    "primary": {
                        "id": "ocid1.subnet.oc1.iad.aaaaaaaav72ub53prfivkjivjwtjvjrexjkvhvxb2wgrtpxmjdj5sechfaya",
                        "attributes": {
                            "availability_domain": "GVJl:US-ASHBURN-AD-1",
                            "cidr_block": "10.0.1.0/24",
                            "compartment_id": "ocid1.tenancy.oc1..aaaaaaaa76a6uv7vudiufixv67vxslhglwiimx33at223favarz7rcopyvva",
                            "dhcp_options_id": "ocid1.dhcpoptions.oc1.iad.aaaaaaaarjsqf5b2w7ii36kmqxzbzrrmsjafnzsppj7pp332bijlacune3oq",
                            "display_name": "loadbalancer1",
                            "dns_label": "loadbalancer1",
                            "id": "ocid1.subnet.oc1.iad.aaaaaaaav72ub53prfivkjivjwtjvjrexjkvhvxb2wgrtpxmjdj5sechfaya",
                            "prohibit_public_ip_on_vnic": "false",
                            "route_table_id": "ocid1.routetable.oc1.iad.aaaaaaaarbrqm3yvdokxqouc344ydmz7sifm6w5zij3vbrelm6a3iroce5nq",
                            "security_list_ids.#": "1",
                            "security_list_ids.1301496556": "ocid1.securitylist.oc1.iad.aaaaaaaakb4octhxp6oj6ywuzcxqf6mgy564q4qfmrqpwxtccbjnfkem5daa",
                            "state": "AVAILABLE",
                            "time_created": "2018-05-14 08:41:56.554 +0000 UTC",
                            "vcn_id": "ocid1.vcn.oc1.iad.aaaaaaaaeb3hfmyk7a36au2lmj4w6mj7g25x5vsjssosmrsw3ze2sfbqbkuq",
                            "virtual_router_ip": "10.0.1.1",
                            "virtual_router_mac": "00:00:17:80:09:18"
                        },
                        "meta": {
                            "e2bfb730-ecaa-11e6-8f88-34363bc7c4c0": {
                                "create": 300000000000,
                                "delete": 300000000000,
                                "update": 300000000000
                            }
                        },
                        "tainted": false
                    },
                    "deposed": [],
                    "provider": "provider.oci"
                },
                "oci_core_subnet.loadbalancerAD2": {
                    "type": "oci_core_subnet",
                    "depends_on": [
                        "data.oci_identity_availability_domains.ADs",
                        "oci_core_route_table.routetable-0",
                        "oci_core_security_list.loadbalancers",
                        "oci_core_virtual_network.VCN"
                    ],
                    "primary": {
                        "id": "ocid1.subnet.oc1.iad.aaaaaaaa7rgdj3ccjzbonnl2cf2ractfwkc5knmmk3chn3swsyncj2x2cmua",
                        "attributes": {
                            "availability_domain": "GVJl:US-ASHBURN-AD-2",
                            "cidr_block": "10.0.2.0/24",
                            "compartment_id": "ocid1.tenancy.oc1..aaaaaaaa76a6uv7vudiufixv67vxslhglwiimx33at223favarz7rcopyvva",
                            "dhcp_options_id": "ocid1.dhcpoptions.oc1.iad.aaaaaaaarjsqf5b2w7ii36kmqxzbzrrmsjafnzsppj7pp332bijlacune3oq",
                            "display_name": "loadbalancer2",
                            "dns_label": "loadbalancer2",
                            "id": "ocid1.subnet.oc1.iad.aaaaaaaa7rgdj3ccjzbonnl2cf2ractfwkc5knmmk3chn3swsyncj2x2cmua",
                            "prohibit_public_ip_on_vnic": "false",
                            "route_table_id": "ocid1.routetable.oc1.iad.aaaaaaaarbrqm3yvdokxqouc344ydmz7sifm6w5zij3vbrelm6a3iroce5nq",
                            "security_list_ids.#": "1",
                            "security_list_ids.1301496556": "ocid1.securitylist.oc1.iad.aaaaaaaakb4octhxp6oj6ywuzcxqf6mgy564q4qfmrqpwxtccbjnfkem5daa",
                            "state": "AVAILABLE",
                            "time_created": "2018-05-14 08:41:56.171 +0000 UTC",
                            "vcn_id": "ocid1.vcn.oc1.iad.aaaaaaaaeb3hfmyk7a36au2lmj4w6mj7g25x5vsjssosmrsw3ze2sfbqbkuq",
                            "virtual_router_ip": "10.0.2.1",
                            "virtual_router_mac": "00:00:17:80:09:18"
                        },
                        "meta": {
                            "e2bfb730-ecaa-11e6-8f88-34363bc7c4c0": {
                                "create": 300000000000,
                                "delete": 300000000000,
                                "update": 300000000000
                            }
                        },
                        "tainted": false
                    },
                    "deposed": [],
                    "provider": "provider.oci"
                },
                "oci_core_subnet.workerAD1": {
                    "type": "oci_core_subnet",
                    "depends_on": [
                        "data.oci_identity_availability_domains.ADs",
                        "oci_core_route_table.routetable-0",
                        "oci_core_security_list.worker",
                        "oci_core_virtual_network.VCN"
                    ],
                    "primary": {
                        "id": "ocid1.subnet.oc1.iad.aaaaaaaag6pbfomsdycuzvibi4hazsrckprwl6qh5loaqpk4l2tj2mahpozq",
                        "attributes": {
                            "availability_domain": "GVJl:US-ASHBURN-AD-1",
                            "cidr_block": "10.0.10.0/24",
                            "compartment_id": "ocid1.tenancy.oc1..aaaaaaaa76a6uv7vudiufixv67vxslhglwiimx33at223favarz7rcopyvva",
                            "dhcp_options_id": "ocid1.dhcpoptions.oc1.iad.aaaaaaaarjsqf5b2w7ii36kmqxzbzrrmsjafnzsppj7pp332bijlacune3oq",
                            "display_name": "worker1",
                            "dns_label": "worker1",
                            "id": "ocid1.subnet.oc1.iad.aaaaaaaag6pbfomsdycuzvibi4hazsrckprwl6qh5loaqpk4l2tj2mahpozq",
                            "prohibit_public_ip_on_vnic": "false",
                            "route_table_id": "ocid1.routetable.oc1.iad.aaaaaaaarbrqm3yvdokxqouc344ydmz7sifm6w5zij3vbrelm6a3iroce5nq",
                            "security_list_ids.#": "1",
                            "security_list_ids.3196615001": "ocid1.securitylist.oc1.iad.aaaaaaaatikpjrmospnkesc7uzn2aje44eadup2durhfxtopkdzse5zbd4uq",
                            "state": "AVAILABLE",
                            "time_created": "2018-05-14 08:39:19.545 +0000 UTC",
                            "vcn_id": "ocid1.vcn.oc1.iad.aaaaaaaaeb3hfmyk7a36au2lmj4w6mj7g25x5vsjssosmrsw3ze2sfbqbkuq",
                            "virtual_router_ip": "10.0.10.1",
                            "virtual_router_mac": "00:00:17:80:09:18"
                        },
                        "meta": {
                            "e2bfb730-ecaa-11e6-8f88-34363bc7c4c0": {
                                "create": 300000000000,
                                "delete": 300000000000,
                                "update": 300000000000
                            }
                        },
                        "tainted": false
                    },
                    "deposed": [],
                    "provider": "provider.oci"
                },
                "oci_core_subnet.workerAD2": {
                    "type": "oci_core_subnet",
                    "depends_on": [
                        "data.oci_identity_availability_domains.ADs",
                        "oci_core_route_table.routetable-0",
                        "oci_core_security_list.worker",
                        "oci_core_virtual_network.VCN"
                    ],
                    "primary": {
                        "id": "ocid1.subnet.oc1.iad.aaaaaaaagwzkqqox2rxkxdjbur6ik6wcjvy25egz3uibqt3txxyskmmv6afa",
                        "attributes": {
                            "availability_domain": "GVJl:US-ASHBURN-AD-2",
                            "cidr_block": "10.0.20.0/24",
                            "compartment_id": "ocid1.tenancy.oc1..aaaaaaaa76a6uv7vudiufixv67vxslhglwiimx33at223favarz7rcopyvva",
                            "dhcp_options_id": "ocid1.dhcpoptions.oc1.iad.aaaaaaaarjsqf5b2w7ii36kmqxzbzrrmsjafnzsppj7pp332bijlacune3oq",
                            "display_name": "worker2",
                            "dns_label": "worker2",
                            "id": "ocid1.subnet.oc1.iad.aaaaaaaagwzkqqox2rxkxdjbur6ik6wcjvy25egz3uibqt3txxyskmmv6afa",
                            "prohibit_public_ip_on_vnic": "false",
                            "route_table_id": "ocid1.routetable.oc1.iad.aaaaaaaarbrqm3yvdokxqouc344ydmz7sifm6w5zij3vbrelm6a3iroce5nq",
                            "security_list_ids.#": "1",
                            "security_list_ids.3196615001": "ocid1.securitylist.oc1.iad.aaaaaaaatikpjrmospnkesc7uzn2aje44eadup2durhfxtopkdzse5zbd4uq",
                            "state": "AVAILABLE",
                            "time_created": "2018-05-14 08:41:57.17 +0000 UTC",
                            "vcn_id": "ocid1.vcn.oc1.iad.aaaaaaaaeb3hfmyk7a36au2lmj4w6mj7g25x5vsjssosmrsw3ze2sfbqbkuq",
                            "virtual_router_ip": "10.0.20.1",
                            "virtual_router_mac": "00:00:17:80:09:18"
                        },
                        "meta": {
                            "e2bfb730-ecaa-11e6-8f88-34363bc7c4c0": {
                                "create": 300000000000,
                                "delete": 300000000000,
                                "update": 300000000000
                            }
                        },
                        "tainted": false
                    },
                    "deposed": [],
                    "provider": "provider.oci"
                },
                "oci_core_subnet.workerAD3": {
                    "type": "oci_core_subnet",
                    "depends_on": [
                        "data.oci_identity_availability_domains.ADs",
                        "oci_core_route_table.routetable-0",
                        "oci_core_security_list.worker",
                        "oci_core_virtual_network.VCN"
                    ],
                    "primary": {
                        "id": "ocid1.subnet.oc1.iad.aaaaaaaav7qycumhjnjjs2bzm7o5jspr6sghuxcbayagtyl4a2dpsqvadfaa",
                        "attributes": {
                            "availability_domain": "GVJl:US-ASHBURN-AD-3",
                            "cidr_block": "10.0.30.0/24",
                            "compartment_id": "ocid1.tenancy.oc1..aaaaaaaa76a6uv7vudiufixv67vxslhglwiimx33at223favarz7rcopyvva",
                            "dhcp_options_id": "ocid1.dhcpoptions.oc1.iad.aaaaaaaarjsqf5b2w7ii36kmqxzbzrrmsjafnzsppj7pp332bijlacune3oq",
                            "display_name": "worker3",
                            "dns_label": "worker3",
                            "id": "ocid1.subnet.oc1.iad.aaaaaaaav7qycumhjnjjs2bzm7o5jspr6sghuxcbayagtyl4a2dpsqvadfaa",
                            "prohibit_public_ip_on_vnic": "false",
                            "route_table_id": "ocid1.routetable.oc1.iad.aaaaaaaarbrqm3yvdokxqouc344ydmz7sifm6w5zij3vbrelm6a3iroce5nq",
                            "security_list_ids.#": "1",
                            "security_list_ids.3196615001": "ocid1.securitylist.oc1.iad.aaaaaaaatikpjrmospnkesc7uzn2aje44eadup2durhfxtopkdzse5zbd4uq",
                            "state": "AVAILABLE",
                            "time_created": "2018-05-14 08:41:55.889 +0000 UTC",
                            "vcn_id": "ocid1.vcn.oc1.iad.aaaaaaaaeb3hfmyk7a36au2lmj4w6mj7g25x5vsjssosmrsw3ze2sfbqbkuq",
                            "virtual_router_ip": "10.0.30.1",
                            "virtual_router_mac": "00:00:17:80:09:18"
                        },
                        "meta": {
                            "e2bfb730-ecaa-11e6-8f88-34363bc7c4c0": {
                                "create": 300000000000,
                                "delete": 300000000000,
                                "update": 300000000000
                            }
                        },
                        "tainted": false
                    },
                    "deposed": [],
                    "provider": "provider.oci"
                },
                "oci_core_virtual_network.VCN": {
                    "type": "oci_core_virtual_network",
                    "depends_on": [],
                    "primary": {
                        "id": "ocid1.vcn.oc1.iad.aaaaaaaaeb3hfmyk7a36au2lmj4w6mj7g25x5vsjssosmrsw3ze2sfbqbkuq",
                        "attributes": {
                            "cidr_block": "10.0.0.0/16",
                            "compartment_id": "ocid1.tenancy.oc1..aaaaaaaa76a6uv7vudiufixv67vxslhglwiimx33at223favarz7rcopyvva",
                            "default_dhcp_options_id": "ocid1.dhcpoptions.oc1.iad.aaaaaaaarjsqf5b2w7ii36kmqxzbzrrmsjafnzsppj7pp332bijlacune3oq",
                            "default_route_table_id": "ocid1.routetable.oc1.iad.aaaaaaaaoevx7vnqilj5aoilhxswg5zxt4sv55qraaikxj6gqvw7sh6edu6q",
                            "default_security_list_id": "ocid1.securitylist.oc1.iad.aaaaaaaa4nqwrx2glo6t4wifhlrcmxvbiehsdwuj43hcjfztsgpgtegrqzta",
                            "display_name": "postak_lpok8vcn",
                            "dns_label": "lpok8vcn",
                            "id": "ocid1.vcn.oc1.iad.aaaaaaaaeb3hfmyk7a36au2lmj4w6mj7g25x5vsjssosmrsw3ze2sfbqbkuq",
                            "state": "AVAILABLE",
                            "time_created": "2018-05-14 08:39:02.616 +0000 UTC"
                        },
                        "meta": {
                            "e2bfb730-ecaa-11e6-8f88-34363bc7c4c0": {
                                "create": 300000000000,
                                "delete": 300000000000,
                                "update": 300000000000
                            }
                        },
                        "tainted": false
                    },
                    "deposed": [],
                    "provider": "provider.oci"
                }
            },
            "depends_on": []
        }
    ]
}
